
Microsoft Visual Studio Solution File, Format Version 12.00
# Visual Studio Version 17
VisualStudioVersion = 17.7.34003.232
MinimumVisualStudioVersion = 10.0.40219.1
Project("{FAE04EC0-301F-11D3-BF4B-00C04F79EFBC}") = "Enums_DeBord_Joshua", "Enums_DeBord_Joshua.csproj", "{900B9B7D-ED84-41CD-B2D1-3CA8136D8847}"
EndProject
Global
	GlobalSection(SolutionConfigurationPlatforms) = preSolution
		Debug|Any CPU = Debug|Any CPU
		Release|Any CPU = Release|Any CPU
	EndGlobalSection
	GlobalSection(ProjectConfigurationPlatforms) = postSolution
		{900B9B7D-ED84-41CD-B2D1-3CA8136D8847}.Debug|Any CPU.ActiveCfg = Debug|Any CPU
		{900B9B7D-ED84-41CD-B2D1-3CA8136D8847}.Debug|Any CPU.Build.0 = Debug|Any CPU
		{900B9B7D-ED84-41CD-B2D1-3CA8136D8847}.Release|Any CPU.ActiveCfg = Release|Any CPU
		{900B9B7D-ED84-41CD-B2D1-3CA8136D8847}.Release|Any CPU.Build.0 = Release|Any CPU
	EndGlobalSection
	GlobalSection(SolutionProperties) = preSolution
		HideSolutionNode = FALSE
	EndGlobalSection
	GlobalSection(ExtensibilityGlobals) = postSolution
		SolutionGuid = {424AC921-FD45-4A1F-B3FC-F5D4ED02CEA5}
	EndGlobalSection
EndGlobal
